// !$*UTF8*$!
{
	archiveVersion = 1;
	classes = {
	};
	objectVersion = 46;
	objects = {

/* Begin PBXBuildFile section */
		006D720419952D00008149E2 /* AVFoundation.framework in Frameworks */ = {isa = PBXBuildFile; fileRef = 006D720219952D00008149E2 /* AVFoundation.framework */; };
		006D720519952D00008149E2 /* CoreMedia.framework in Frameworks */ = {isa = PBXBuildFile; fileRef = 006D720319952D00008149E2 /* CoreMedia.framework */; };
		0091D8F90E81B9330029341E /* OpenGL.framework in Frameworks */ = {isa = PBXBuildFile; fileRef = 0091D8F80E81B9330029341E /* OpenGL.framework */; };
		00B784B30FF439BC000DE1D7 /* Accelerate.framework in Frameworks */ = {isa = PBXBuildFile; fileRef = 00B784AF0FF439BC000DE1D7 /* Accelerate.framework */; };
		00B784B40FF439BC000DE1D7 /* AudioToolbox.framework in Frameworks */ = {isa = PBXBuildFile; fileRef = 00B784B00FF439BC000DE1D7 /* AudioToolbox.framework */; };
		00B784B50FF439BC000DE1D7 /* AudioUnit.framework in Frameworks */ = {isa = PBXBuildFile; fileRef = 00B784B10FF439BC000DE1D7 /* AudioUnit.framework */; };
		00B784B60FF439BC000DE1D7 /* CoreAudio.framework in Frameworks */ = {isa = PBXBuildFile; fileRef = 00B784B20FF439BC000DE1D7 /* CoreAudio.framework */; };
		01621C450AB24F4292A39F9A /* Treent2dApp.cpp in Sources */ = {isa = PBXBuildFile; fileRef = 198D570F60244EF498151CCC /* Treent2dApp.cpp */; };
		165674E320FA4D42A15F0074 /* Pool.cc in Sources */ = {isa = PBXBuildFile; fileRef = F37EDA3C4B8C4005B3808CE7 /* Pool.cc */; };
		1AB38B7233334F6AAF2A998E /* Event.cc in Sources */ = {isa = PBXBuildFile; fileRef = BE5EF84FEBBA42C48B97B7A0 /* Event.cc */; };
		5323E6B20EAFCA74003A9687 /* CoreVideo.framework in Frameworks */ = {isa = PBXBuildFile; fileRef = 5323E6B10EAFCA74003A9687 /* CoreVideo.framework */; };
		5323E6B60EAFCA7E003A9687 /* QTKit.framework in Frameworks */ = {isa = PBXBuildFile; fileRef = 5323E6B50EAFCA7E003A9687 /* QTKit.framework */; };
		6A7636C8033D4A0B90DA0660 /* Entity.cc in Sources */ = {isa = PBXBuildFile; fileRef = 0C17924DF84943978AF12DA3 /* Entity.cc */; };
		89D0693FD89642B4A8C8A2D8 /* CinderApp.icns in Resources */ = {isa = PBXBuildFile; fileRef = 6C60BADCCCC14742A76ADEBA /* CinderApp.icns */; };
		8D11072F0486CEB800E47090 /* Cocoa.framework in Frameworks */ = {isa = PBXBuildFile; fileRef = 1058C7A1FEA54F0111CA2CBB /* Cocoa.framework */; };
		9962A086830F4C6B83BC5EC0 /* System.cc in Sources */ = {isa = PBXBuildFile; fileRef = 3905EDD92BEC47F489CD7316 /* System.cc */; };
/* End PBXBuildFile section */

/* Begin PBXFileReference section */
		006D720219952D00008149E2 /* AVFoundation.framework */ = {isa = PBXFileReference; lastKnownFileType = wrapper.framework; name = AVFoundation.framework; path = System/Library/Frameworks/AVFoundation.framework; sourceTree = SDKROOT; };
		006D720319952D00008149E2 /* CoreMedia.framework */ = {isa = PBXFileReference; lastKnownFileType = wrapper.framework; name = CoreMedia.framework; path = System/Library/Frameworks/CoreMedia.framework; sourceTree = SDKROOT; };
		0091D8F80E81B9330029341E /* OpenGL.framework */ = {isa = PBXFileReference; lastKnownFileType = wrapper.framework; name = OpenGL.framework; path = /System/Library/Frameworks/OpenGL.framework; sourceTree = "<absolute>"; };
		00B784AF0FF439BC000DE1D7 /* Accelerate.framework */ = {isa = PBXFileReference; lastKnownFileType = wrapper.framework; name = Accelerate.framework; path = System/Library/Frameworks/Accelerate.framework; sourceTree = SDKROOT; };
		00B784B00FF439BC000DE1D7 /* AudioToolbox.framework */ = {isa = PBXFileReference; lastKnownFileType = wrapper.framework; name = AudioToolbox.framework; path = System/Library/Frameworks/AudioToolbox.framework; sourceTree = SDKROOT; };
		00B784B10FF439BC000DE1D7 /* AudioUnit.framework */ = {isa = PBXFileReference; lastKnownFileType = wrapper.framework; name = AudioUnit.framework; path = System/Library/Frameworks/AudioUnit.framework; sourceTree = SDKROOT; };
		00B784B20FF439BC000DE1D7 /* CoreAudio.framework */ = {isa = PBXFileReference; lastKnownFileType = wrapper.framework; name = CoreAudio.framework; path = System/Library/Frameworks/CoreAudio.framework; sourceTree = SDKROOT; };
		0C17924DF84943978AF12DA3 /* Entity.cc */ = {isa = PBXFileReference; lastKnownFileType = "\"\""; name = Entity.cc; path = ../../../lib/entityx/entityx/Entity.cc; sourceTree = "<group>"; };
		0C9A043A3EAC411B842E8312 /* Treent.h */ = {isa = PBXFileReference; lastKnownFileType = sourcecode.c.h; name = Treent.h; path = ../../../src/treent/Treent.h; sourceTree = "<group>"; };
		1058C7A1FEA54F0111CA2CBB /* Cocoa.framework */ = {isa = PBXFileReference; lastKnownFileType = wrapper.framework; name = Cocoa.framework; path = /System/Library/Frameworks/Cocoa.framework; sourceTree = "<absolute>"; };
		151F3CB11AA10CA900791A43 /* TreentBase.h */ = {isa = PBXFileReference; fileEncoding = 4; lastKnownFileType = sourcecode.c.h; name = TreentBase.h; path = ../../../src/treent/TreentBase.h; sourceTree = "<group>"; usesTabs = 0; };
		154AE3E11AAA075F00C24B10 /* Logging.h */ = {isa = PBXFileReference; fileEncoding = 4; lastKnownFileType = sourcecode.c.h; path = Logging.h; sourceTree = "<group>"; };
		15EFAD78488A46DEA26E93D7 /* Treent2d.h */ = {isa = PBXFileReference; lastKnownFileType = sourcecode.c.h; name = Treent2d.h; path = ../../../src/treent/2d/Treent2d.h; sourceTree = "<group>"; };
		198D570F60244EF498151CCC /* Treent2dApp.cpp */ = {isa = PBXFileReference; indentWidth = 2; lastKnownFileType = sourcecode.c.cpp; name = Treent2dApp.cpp; path = ../src/Treent2dApp.cpp; sourceTree = "<group>"; tabWidth = 2; usesTabs = 0; };
		1FF9EBD7B13F4A88AB1FA1B6 /* Treent2d_Prefix.pch */ = {isa = PBXFileReference; lastKnownFileType = "\"\""; path = Treent2d_Prefix.pch; sourceTree = "<group>"; };
		259B8BAD215B46F185475406 /* entityx.h */ = {isa = PBXFileReference; lastKnownFileType = sourcecode.c.h; name = entityx.h; path = ../../../lib/entityx/entityx/entityx.h; sourceTree = "<group>"; };
		29B97324FDCFA39411CA2CEA /* AppKit.framework */ = {isa = PBXFileReference; lastKnownFileType = wrapper.framework; name = AppKit.framework; path = /System/Library/Frameworks/AppKit.framework; sourceTree = "<absolute>"; };
		29B97325FDCFA39411CA2CEA /* Foundation.framework */ = {isa = PBXFileReference; lastKnownFileType = wrapper.framework; name = Foundation.framework; path = /System/Library/Frameworks/Foundation.framework; sourceTree = "<absolute>"; };
		34A2790D84A340879532F98C /* quick.h */ = {isa = PBXFileReference; lastKnownFileType = sourcecode.c.h; name = quick.h; path = ../../../lib/entityx/entityx/quick.h; sourceTree = "<group>"; };
		3905EDD92BEC47F489CD7316 /* System.cc */ = {isa = PBXFileReference; lastKnownFileType = "\"\""; name = System.cc; path = ../../../lib/entityx/entityx/System.cc; sourceTree = "<group>"; };
		4DDBA4760CB24B1C94ED19BB /* Info.plist */ = {isa = PBXFileReference; lastKnownFileType = text.plist.xml; path = Info.plist; sourceTree = "<group>"; };
		4F0760E44D5B48A0B47BACA0 /* config.h */ = {isa = PBXFileReference; lastKnownFileType = sourcecode.c.h; name = config.h; path = ../../../src/entityx/config.h; sourceTree = "<group>"; };
		5323E6B10EAFCA74003A9687 /* CoreVideo.framework */ = {isa = PBXFileReference; lastKnownFileType = wrapper.framework; name = CoreVideo.framework; path = /System/Library/Frameworks/CoreVideo.framework; sourceTree = "<absolute>"; };
		5323E6B50EAFCA7E003A9687 /* QTKit.framework */ = {isa = PBXFileReference; lastKnownFileType = wrapper.framework; name = QTKit.framework; path = /System/Library/Frameworks/QTKit.framework; sourceTree = "<absolute>"; };
		6C60BADCCCC14742A76ADEBA /* CinderApp.icns */ = {isa = PBXFileReference; lastKnownFileType = image.icns; name = CinderApp.icns; path = ../resources/CinderApp.icns; sourceTree = "<group>"; };
		729C82C0C5CE4DF8A64426E1 /* Components.h */ = {isa = PBXFileReference; lastKnownFileType = sourcecode.c.h; name = Components.h; path = ../../../src/treent/2d/Components.h; sourceTree = "<group>"; };
		8BDE88884F194B52BC2F0B04 /* Resources.h */ = {isa = PBXFileReference; lastKnownFileType = sourcecode.c.h; name = Resources.h; path = ../include/Resources.h; sourceTree = "<group>"; };
		8C3751BEC5174E7AA07CB98E /* System.h */ = {isa = PBXFileReference; lastKnownFileType = sourcecode.c.h; name = System.h; path = ../../../lib/entityx/entityx/System.h; sourceTree = "<group>"; };
		8D1107320486CEB800E47090 /* Treent2d.app */ = {isa = PBXFileReference; explicitFileType = wrapper.application; includeInIndex = 0; path = Treent2d.app; sourceTree = BUILT_PRODUCTS_DIR; };
		8E91D7B600EF422598ECC030 /* Event.h */ = {isa = PBXFileReference; lastKnownFileType = sourcecode.c.h; name = Event.h; path = ../../../lib/entityx/entityx/Event.h; sourceTree = "<group>"; };
		9CB4903A1AA91C6900858BD7 /* ChildrenComponent.h */ = {isa = PBXFileReference; fileEncoding = 4; lastKnownFileType = sourcecode.c.h; name = ChildrenComponent.h; path = ../../../src/treent/ChildrenComponent.h; sourceTree = "<group>"; };
		9CB4903B1AA9211800858BD7 /* ParentComponent.h */ = {isa = PBXFileReference; fileEncoding = 4; lastKnownFileType = sourcecode.c.h; name = ParentComponent.h; path = ../../../src/treent/ParentComponent.h; sourceTree = "<group>"; };
		9CB4903D1AA92E7C00858BD7 /* ScopedTreent.h */ = {isa = PBXFileReference; fileEncoding = 4; lastKnownFileType = sourcecode.c.h; name = ScopedTreent.h; path = ../../../src/treent/ScopedTreent.h; sourceTree = "<group>"; };
		BE5EF84FEBBA42C48B97B7A0 /* Event.cc */ = {isa = PBXFileReference; lastKnownFileType = "\"\""; name = Event.cc; path = ../../../lib/entityx/entityx/Event.cc; sourceTree = "<group>"; };
		CE50F729D5FA4958862D8E0C /* TreeComponent.h */ = {isa = PBXFileReference; lastKnownFileType = sourcecode.c.h; name = TreeComponent.h; path = ../../../src/treent/TreeComponent.h; sourceTree = "<group>"; };
		F37EDA3C4B8C4005B3808CE7 /* Pool.cc */ = {isa = PBXFileReference; lastKnownFileType = "\"\""; name = Pool.cc; path = ../../../lib/entityx/entityx/help/Pool.cc; sourceTree = "<group>"; };
		F9610ED1236642B885670461 /* Entity.h */ = {isa = PBXFileReference; lastKnownFileType = sourcecode.c.h; name = Entity.h; path = ../../../lib/entityx/entityx/Entity.h; sourceTree = "<group>"; };
/* End PBXFileReference section */

/* Begin PBXFrameworksBuildPhase section */
		8D11072E0486CEB800E47090 /* Frameworks */ = {
			isa = PBXFrameworksBuildPhase;
			buildActionMask = 2147483647;
			files = (
				006D720419952D00008149E2 /* AVFoundation.framework in Frameworks */,
				006D720519952D00008149E2 /* CoreMedia.framework in Frameworks */,
				8D11072F0486CEB800E47090 /* Cocoa.framework in Frameworks */,
				0091D8F90E81B9330029341E /* OpenGL.framework in Frameworks */,
				5323E6B20EAFCA74003A9687 /* CoreVideo.framework in Frameworks */,
				5323E6B60EAFCA7E003A9687 /* QTKit.framework in Frameworks */,
				00B784B30FF439BC000DE1D7 /* Accelerate.framework in Frameworks */,
				00B784B40FF439BC000DE1D7 /* AudioToolbox.framework in Frameworks */,
				00B784B50FF439BC000DE1D7 /* AudioUnit.framework in Frameworks */,
				00B784B60FF439BC000DE1D7 /* CoreAudio.framework in Frameworks */,
			);
			runOnlyForDeploymentPostprocessing = 0;
		};
/* End PBXFrameworksBuildPhase section */

/* Begin PBXGroup section */
		01B97315FEAEA392516A2CEA /* Blocks */ = {
			isa = PBXGroup;
			children = (
				45D867A59AC74D43980B2CAC /* Treent */,
			);
			name = Blocks;
			sourceTree = "<group>";
		};
		07B1100B5580477A9E6EE352 /* 2d */ = {
			isa = PBXGroup;
			children = (
				729C82C0C5CE4DF8A64426E1 /* Components.h */,
				15EFAD78488A46DEA26E93D7 /* Treent2d.h */,
			);
			name = 2d;
			sourceTree = "<group>";
		};
		080E96DDFE201D6D7F000001 /* Source */ = {
			isa = PBXGroup;
			children = (
				198D570F60244EF498151CCC /* Treent2dApp.cpp */,
			);
			name = Source;
			sourceTree = "<group>";
		};
		0CE081AF8527424AA627687F /* treent */ = {
			isa = PBXGroup;
			children = (
				154AE3DF1AAA074200C24B10 /* detail */,
				CE50F729D5FA4958862D8E0C /* TreeComponent.h */,
				0C9A043A3EAC411B842E8312 /* Treent.h */,
				07B1100B5580477A9E6EE352 /* 2d */,
				151F3CB11AA10CA900791A43 /* TreentBase.h */,
				9CB4903A1AA91C6900858BD7 /* ChildrenComponent.h */,
				9CB4903B1AA9211800858BD7 /* ParentComponent.h */,
				9CB4903D1AA92E7C00858BD7 /* ScopedTreent.h */,
			);
			name = treent;
			sourceTree = "<group>";
		};
		1058C7A0FEA54F0111CA2CBB /* Linked Frameworks */ = {
			isa = PBXGroup;
			children = (
				006D720219952D00008149E2 /* AVFoundation.framework */,
				006D720319952D00008149E2 /* CoreMedia.framework */,
				00B784AF0FF439BC000DE1D7 /* Accelerate.framework */,
				00B784B00FF439BC000DE1D7 /* AudioToolbox.framework */,
				00B784B10FF439BC000DE1D7 /* AudioUnit.framework */,
				00B784B20FF439BC000DE1D7 /* CoreAudio.framework */,
				5323E6B50EAFCA7E003A9687 /* QTKit.framework */,
				5323E6B10EAFCA74003A9687 /* CoreVideo.framework */,
				0091D8F80E81B9330029341E /* OpenGL.framework */,
				1058C7A1FEA54F0111CA2CBB /* Cocoa.framework */,
			);
			name = "Linked Frameworks";
			sourceTree = "<group>";
		};
		1058C7A2FEA54F0111CA2CBB /* Other Frameworks */ = {
			isa = PBXGroup;
			children = (
				29B97324FDCFA39411CA2CEA /* AppKit.framework */,
				29B97325FDCFA39411CA2CEA /* Foundation.framework */,
			);
			name = "Other Frameworks";
			sourceTree = "<group>";
		};
		154AE3DF1AAA074200C24B10 /* detail */ = {
			isa = PBXGroup;
			children = (
				154AE3E11AAA075F00C24B10 /* Logging.h */,
			);
			name = detail;
			path = ../../../src/treent/detail;
			sourceTree = "<group>";
		};
		19C28FACFE9D520D11CA2CBB /* Products */ = {
			isa = PBXGroup;
			children = (
				8D1107320486CEB800E47090 /* Treent2d.app */,
			);
			name = Products;
			sourceTree = "<group>";
		};
		29B97314FDCFA39411CA2CEA /* Treent2d */ = {
			isa = PBXGroup;
			children = (
				01B97315FEAEA392516A2CEA /* Blocks */,
				29B97315FDCFA39411CA2CEA /* Headers */,
				080E96DDFE201D6D7F000001 /* Source */,
				29B97317FDCFA39411CA2CEA /* Resources */,
				29B97323FDCFA39411CA2CEA /* Frameworks */,
				19C28FACFE9D520D11CA2CBB /* Products */,
			);
			name = Treent2d;
			sourceTree = "<group>";
			usesTabs = 0;
		};
		29B97315FDCFA39411CA2CEA /* Headers */ = {
			isa = PBXGroup;
			children = (
				8BDE88884F194B52BC2F0B04 /* Resources.h */,
				1FF9EBD7B13F4A88AB1FA1B6 /* Treent2d_Prefix.pch */,
			);
			name = Headers;
			sourceTree = "<group>";
		};
		29B97317FDCFA39411CA2CEA /* Resources */ = {
			isa = PBXGroup;
			children = (
				6C60BADCCCC14742A76ADEBA /* CinderApp.icns */,
				4DDBA4760CB24B1C94ED19BB /* Info.plist */,
			);
			name = Resources;
			sourceTree = "<group>";
		};
		29B97323FDCFA39411CA2CEA /* Frameworks */ = {
			isa = PBXGroup;
			children = (
				1058C7A0FEA54F0111CA2CBB /* Linked Frameworks */,
				1058C7A2FEA54F0111CA2CBB /* Other Frameworks */,
			);
			name = Frameworks;
			sourceTree = "<group>";
		};
		45D867A59AC74D43980B2CAC /* Treent */ = {
			isa = PBXGroup;
			children = (
				B33335FE42C5433EB283637E /* lib */,
				7CDC9D8C51DE48088BEB7F8F /* src */,
			);
			name = Treent;
			sourceTree = "<group>";
		};
		4629D01C3F534D25A160D908 /* help */ = {
			isa = PBXGroup;
			children = (
				F37EDA3C4B8C4005B3808CE7 /* Pool.cc */,
			);
			name = help;
			sourceTree = "<group>";
		};
		5E44796B23264B26819FA603 /* entityx */ = {
			isa = PBXGroup;
			children = (
				F9610ED1236642B885670461 /* Entity.h */,
				259B8BAD215B46F185475406 /* entityx.h */,
				8E91D7B600EF422598ECC030 /* Event.h */,
				34A2790D84A340879532F98C /* quick.h */,
				8C3751BEC5174E7AA07CB98E /* System.h */,
				0C17924DF84943978AF12DA3 /* Entity.cc */,
				BE5EF84FEBBA42C48B97B7A0 /* Event.cc */,
				3905EDD92BEC47F489CD7316 /* System.cc */,
				4629D01C3F534D25A160D908 /* help */,
			);
			name = entityx;
			sourceTree = "<group>";
		};
		7CDC9D8C51DE48088BEB7F8F /* src */ = {
			isa = PBXGroup;
			children = (
				A4B855D36C9E449985DC21C1 /* entityx */,
				0CE081AF8527424AA627687F /* treent */,
			);
			name = src;
			sourceTree = "<group>";
		};
		8246BA1F7A5E45E0A106551E /* entityx */ = {
			isa = PBXGroup;
			children = (
				5E44796B23264B26819FA603 /* entityx */,
			);
			name = entityx;
			sourceTree = "<group>";
		};
		A4B855D36C9E449985DC21C1 /* entityx */ = {
			isa = PBXGroup;
			children = (
				4F0760E44D5B48A0B47BACA0 /* config.h */,
			);
			name = entityx;
			sourceTree = "<group>";
		};
		B33335FE42C5433EB283637E /* lib */ = {
			isa = PBXGroup;
			children = (
				8246BA1F7A5E45E0A106551E /* entityx */,
			);
			name = lib;
			sourceTree = "<group>";
		};
/* End PBXGroup section */

/* Begin PBXNativeTarget section */
		8D1107260486CEB800E47090 /* Treent2d */ = {
			isa = PBXNativeTarget;
			buildConfigurationList = C01FCF4A08A954540054247B /* Build configuration list for PBXNativeTarget "Treent2d" */;
			buildPhases = (
				8D1107290486CEB800E47090 /* Resources */,
				8D11072C0486CEB800E47090 /* Sources */,
				8D11072E0486CEB800E47090 /* Frameworks */,
			);
			buildRules = (
			);
			dependencies = (
			);
			name = Treent2d;
			productInstallPath = "$(HOME)/Applications";
			productName = Treent2d;
			productReference = 8D1107320486CEB800E47090 /* Treent2d.app */;
			productType = "com.apple.product-type.application";
		};
/* End PBXNativeTarget section */

/* Begin PBXProject section */
		29B97313FDCFA39411CA2CEA /* Project object */ = {
			isa = PBXProject;
			attributes = {
				LastUpgradeCheck = 0610;
			};
			buildConfigurationList = C01FCF4E08A954540054247B /* Build configuration list for PBXProject "Treent2d" */;
			compatibilityVersion = "Xcode 3.2";
			developmentRegion = English;
			hasScannedForEncodings = 1;
			knownRegions = (
				English,
				Japanese,
				French,
				German,
			);
			mainGroup = 29B97314FDCFA39411CA2CEA /* Treent2d */;
			projectDirPath = "";
			projectRoot = "";
			targets = (
				8D1107260486CEB800E47090 /* Treent2d */,
			);
		};
/* End PBXProject section */

/* Begin PBXResourcesBuildPhase section */
		8D1107290486CEB800E47090 /* Resources */ = {
			isa = PBXResourcesBuildPhase;
			buildActionMask = 2147483647;
			files = (
				89D0693FD89642B4A8C8A2D8 /* CinderApp.icns in Resources */,
			);
			runOnlyForDeploymentPostprocessing = 0;
		};
/* End PBXResourcesBuildPhase section */

/* Begin PBXSourcesBuildPhase section */
		8D11072C0486CEB800E47090 /* Sources */ = {
			isa = PBXSourcesBuildPhase;
			buildActionMask = 2147483647;
			files = (
				01621C450AB24F4292A39F9A /* Treent2dApp.cpp in Sources */,
				6A7636C8033D4A0B90DA0660 /* Entity.cc in Sources */,
				1AB38B7233334F6AAF2A998E /* Event.cc in Sources */,
				9962A086830F4C6B83BC5EC0 /* System.cc in Sources */,
				165674E320FA4D42A15F0074 /* Pool.cc in Sources */,
			);
			runOnlyForDeploymentPostprocessing = 0;
		};
/* End PBXSourcesBuildPhase section */

/* Begin XCBuildConfiguration section */
		C01FCF4B08A954540054247B /* Debug */ = {
			isa = XCBuildConfiguration;
			buildSettings = {
				CLANG_CXX_LANGUAGE_STANDARD = "c++0x";
				COMBINE_HIDPI_IMAGES = YES;
				COPY_PHASE_STRIP = NO;
				DEAD_CODE_STRIPPING = YES;
				GCC_DYNAMIC_NO_PIC = NO;
				GCC_INLINES_ARE_PRIVATE_EXTERN = YES;
				GCC_OPTIMIZATION_LEVEL = 0;
				GCC_PRECOMPILE_PREFIX_HEADER = YES;
				GCC_PREFIX_HEADER = Treent2d_Prefix.pch;
				GCC_PREPROCESSOR_DEFINITIONS = (
					"DEBUG=1",
					"$(inherited)",
				);
				GCC_SYMBOLS_PRIVATE_EXTERN = NO;
				INFOPLIST_FILE = Info.plist;
				INSTALL_PATH = "$(HOME)/Applications";
				OTHER_LDFLAGS = "\"$(CINDER_PATH)/lib/libcinder_d.a\"";
				PRODUCT_NAME = Treent2d;
				SYMROOT = ./build;
				WRAPPER_EXTENSION = app;
			};
			name = Debug;
		};
		C01FCF4C08A954540054247B /* Release */ = {
			isa = XCBuildConfiguration;
			buildSettings = {
				CLANG_CXX_LANGUAGE_STANDARD = "c++0x";
				COMBINE_HIDPI_IMAGES = YES;
				DEAD_CODE_STRIPPING = YES;
				DEBUG_INFORMATION_FORMAT = "dwarf-with-dsym";
				GCC_FAST_MATH = YES;
				GCC_GENERATE_DEBUGGING_SYMBOLS = NO;
				GCC_INLINES_ARE_PRIVATE_EXTERN = YES;
				GCC_OPTIMIZATION_LEVEL = 3;
				GCC_PRECOMPILE_PREFIX_HEADER = YES;
				GCC_PREFIX_HEADER = Treent2d_Prefix.pch;
				GCC_PREPROCESSOR_DEFINITIONS = (
					"NDEBUG=1",
					"$(inherited)",
				);
				GCC_SYMBOLS_PRIVATE_EXTERN = NO;
				INFOPLIST_FILE = Info.plist;
				INSTALL_PATH = "$(HOME)/Applications";
				OTHER_LDFLAGS = "\"$(CINDER_PATH)/lib/libcinder.a\"";
				PRODUCT_NAME = Treent2d;
				STRIP_INSTALLED_PRODUCT = YES;
				SYMROOT = ./build;
				WRAPPER_EXTENSION = app;
			};
			name = Release;
		};
		C01FCF4F08A954540054247B /* Debug */ = {
			isa = XCBuildConfiguration;
			buildSettings = {
				ALWAYS_SEARCH_USER_PATHS = NO;
				CINDER_PATH = ../../../../..;
				CLANG_CXX_LANGUAGE_STANDARD = "c++0x";
				CLANG_CXX_LIBRARY = "libc++";
				GCC_WARN_ABOUT_RETURN_TYPE = YES;
				GCC_WARN_UNUSED_VARIABLE = YES;
				HEADER_SEARCH_PATHS = "\"$(CINDER_PATH)/boost\"";
				MACOSX_DEPLOYMENT_TARGET = 10.8;
				ONLY_ACTIVE_ARCH = YES;
				SDKROOT = macosx;
				USER_HEADER_SEARCH_PATHS = "\"$(CINDER_PATH)/include\" ../include ../../../lib/entityx ../../../src";
			};
			name = Debug;
		};
		C01FCF5008A954540054247B /* Release */ = {
			isa = XCBuildConfiguration;
			buildSettings = {
				ALWAYS_SEARCH_USER_PATHS = NO;
				CINDER_PATH = ../../../../..;
				CLANG_CXX_LANGUAGE_STANDARD = "c++0x";
				CLANG_CXX_LIBRARY = "libc++";
				GCC_WARN_ABOUT_RETURN_TYPE = YES;
				GCC_WARN_UNUSED_VARIABLE = YES;
				HEADER_SEARCH_PATHS = "\"$(CINDER_PATH)/boost\"";
				MACOSX_DEPLOYMENT_TARGET = 10.8;
				SDKROOT = macosx;
				USER_HEADER_SEARCH_PATHS = "\"$(CINDER_PATH)/include\" ../include ../../../lib/entityx ../../../src";
			};
			name = Release;
		};
/* End XCBuildConfiguration section */

/* Begin XCConfigurationList section */
		C01FCF4A08A954540054247B /* Build configuration list for PBXNativeTarget "Treent2d" */ = {
			isa = XCConfigurationList;
			buildConfigurations = (
				C01FCF4B08A954540054247B /* Debug */,
				C01FCF4C08A954540054247B /* Release */,
			);
			defaultConfigurationIsVisible = 0;
			defaultConfigurationName = Release;
		};
		C01FCF4E08A954540054247B /* Build configuration list for PBXProject "Treent2d" */ = {
			isa = XCConfigurationList;
			buildConfigurations = (
				C01FCF4F08A954540054247B /* Debug */,
				C01FCF5008A954540054247B /* Release */,
			);
			defaultConfigurationIsVisible = 0;
			defaultConfigurationName = Release;
		};
/* End XCConfigurationList section */
	};
	rootObject = 29B97313FDCFA39411CA2CEA /* Project object */;
}
